// !$*UTF8*$!
{
	archiveVersion = 1;
	classes = {
	};
	objectVersion = 46;
	objects = {

/* Begin PBXBuildFile section */
		C58949941D1140D7009B09F0 /* main.m in Sources */ = {isa = PBXBuildFile; fileRef = C58949931D1140D7009B09F0 /* main.m */; };
		C58949971D1140D7009B09F0 /* AppDelegate.m in Sources */ = {isa = PBXBuildFile; fileRef = C58949961D1140D7009B09F0 /* AppDelegate.m */; };
		C589499A1D1140D8009B09F0 /* ViewController.m in Sources */ = {isa = PBXBuildFile; fileRef = C58949991D1140D8009B09F0 /* ViewController.m */; };
		C589499D1D1140D8009B09F0 /* Main.storyboard in Resources */ = {isa = PBXBuildFile; fileRef = C589499B1D1140D8009B09F0 /* Main.storyboard */; };
		C589499F1D1140D8009B09F0 /* Assets.xcassets in Resources */ = {isa = PBXBuildFile; fileRef = C589499E1D1140D8009B09F0 /* Assets.xcassets */; };
		C58949A21D1140D8009B09F0 /* LaunchScreen.storyboard in Resources */ = {isa = PBXBuildFile; fileRef = C58949A01D1140D8009B09F0 /* LaunchScreen.storyboard */; };
		C58949AB1D123A1F009B09F0 /* Calculator.m in Sources */ = {isa = PBXBuildFile; fileRef = C58949AA1D123A1F009B09F0 /* Calculator.m */; };
		C58949AE1D123A37009B09F0 /* Fraction.m in Sources */ = {isa = PBXBuildFile; fileRef = C58949AD1D123A37009B09F0 /* Fraction.m */; };
		C58949B11D12861E009B09F0 /* InfoViewController.m in Sources */ = {isa = PBXBuildFile; fileRef = C58949B01D12861E009B09F0 /* InfoViewController.m */; };
/* End PBXBuildFile section */

/* Begin PBXFileReference section */
		C589498F1D1140D7009B09F0 /* Calculator.app */ = {isa = PBXFileReference; explicitFileType = wrapper.application; includeInIndex = 0; path = Calculator.app; sourceTree = BUILT_PRODUCTS_DIR; };
		C58949931D1140D7009B09F0 /* main.m */ = {isa = PBXFileReference; lastKnownFileType = sourcecode.c.objc; path = main.m; sourceTree = "<group>"; };
		C58949951D1140D7009B09F0 /* AppDelegate.h */ = {isa = PBXFileReference; lastKnownFileType = sourcecode.c.h; path = AppDelegate.h; sourceTree = "<group>"; };
		C58949961D1140D7009B09F0 /* AppDelegate.m */ = {isa = PBXFileReference; lastKnownFileType = sourcecode.c.objc; path = AppDelegate.m; sourceTree = "<group>"; };
		C58949981D1140D7009B09F0 /* ViewController.h */ = {isa = PBXFileReference; lastKnownFileType = sourcecode.c.h; path = ViewController.h; sourceTree = "<group>"; };
		C58949991D1140D8009B09F0 /* ViewController.m */ = {isa = PBXFileReference; lastKnownFileType = sourcecode.c.objc; path = ViewController.m; sourceTree = "<group>"; };
		C589499C1D1140D8009B09F0 /* Base */ = {isa = PBXFileReference; lastKnownFileType = file.storyboard; name = Base; path = Base.lproj/Main.storyboard; sourceTree = "<group>"; };
		C589499E1D1140D8009B09F0 /* Assets.xcassets */ = {isa = PBXFileReference; lastKnownFileType = folder.assetcatalog; path = Assets.xcassets; sourceTree = "<group>"; };
		C58949A11D1140D8009B09F0 /* Base */ = {isa = PBXFileReference; lastKnownFileType = file.storyboard; name = Base; path = Base.lproj/LaunchScreen.storyboard; sourceTree = "<group>"; };
		C58949A31D1140D8009B09F0 /* Info.plist */ = {isa = PBXFileReference; lastKnownFileType = text.plist.xml; path = Info.plist; sourceTree = "<group>"; };
		C58949A91D123A1F009B09F0 /* Calculator.h */ = {isa = PBXFileReference; fileEncoding = 4; lastKnownFileType = sourcecode.c.h; path = Calculator.h; sourceTree = "<group>"; };
		C58949AA1D123A1F009B09F0 /* Calculator.m */ = {isa = PBXFileReference; fileEncoding = 4; lastKnownFileType = sourcecode.c.objc; path = Calculator.m; sourceTree = "<group>"; };
		C58949AC1D123A37009B09F0 /* Fraction.h */ = {isa = PBXFileReference; fileEncoding = 4; lastKnownFileType = sourcecode.c.h; path = Fraction.h; sourceTree = "<group>"; };
		C58949AD1D123A37009B09F0 /* Fraction.m */ = {isa = PBXFileReference; fileEncoding = 4; lastKnownFileType = sourcecode.c.objc; path = Fraction.m; sourceTree = "<group>"; };
		C58949AF1D12861E009B09F0 /* InfoViewController.h */ = {isa = PBXFileReference; fileEncoding = 4; lastKnownFileType = sourcecode.c.h; path = InfoViewController.h; sourceTree = "<group>"; };
		C58949B01D12861E009B09F0 /* InfoViewController.m */ = {isa = PBXFileReference; fileEncoding = 4; lastKnownFileType = sourcecode.c.objc; path = InfoViewController.m; sourceTree = "<group>"; };
/* End PBXFileReference section */

/* Begin PBXFrameworksBuildPhase section */
		C589498C1D1140D7009B09F0 /* Frameworks */ = {
			isa = PBXFrameworksBuildPhase;
			buildActionMask = 2147483647;
			files = (
			);
			runOnlyForDeploymentPostprocessing = 0;
		};
/* End PBXFrameworksBuildPhase section */

/* Begin PBXGroup section */
		C58949861D1140D7009B09F0 = {
			isa = PBXGroup;
			children = (
				C58949911D1140D7009B09F0 /* Calculator */,
				C58949901D1140D7009B09F0 /* Products */,
			);
			sourceTree = "<group>";
		};
		C58949901D1140D7009B09F0 /* Products */ = {
			isa = PBXGroup;
			children = (
				C589498F1D1140D7009B09F0 /* Calculator.app */,
			);
			name = Products;
			sourceTree = "<group>";
		};
		C58949911D1140D7009B09F0 /* Calculator */ = {
			isa = PBXGroup;
			children = (
				C58949AC1D123A37009B09F0 /* Fraction.h */,
				C58949AD1D123A37009B09F0 /* Fraction.m */,
				C58949A91D123A1F009B09F0 /* Calculator.h */,
				C58949AA1D123A1F009B09F0 /* Calculator.m */,
				C58949951D1140D7009B09F0 /* AppDelegate.h */,
				C58949961D1140D7009B09F0 /* AppDelegate.m */,
				C58949981D1140D7009B09F0 /* ViewController.h */,
				C58949991D1140D8009B09F0 /* ViewController.m */,
				C589499B1D1140D8009B09F0 /* Main.storyboard */,
				C589499E1D1140D8009B09F0 /* Assets.xcassets */,
				C58949A01D1140D8009B09F0 /* LaunchScreen.storyboard */,
				C58949A31D1140D8009B09F0 /* Info.plist */,
				C58949921D1140D7009B09F0 /* Supporting Files */,
				C58949AF1D12861E009B09F0 /* InfoViewController.h */,
				C58949B01D12861E009B09F0 /* InfoViewController.m */,
			);
			path = Calculator;
			sourceTree = "<group>";
		};
		C58949921D1140D7009B09F0 /* Supporting Files */ = {
			isa = PBXGroup;
			children = (
				C58949931D1140D7009B09F0 /* main.m */,
			);
			name = "Supporting Files";
			sourceTree = "<group>";
		};
/* End PBXGroup section */

/* Begin PBXNativeTarget section */
		C589498E1D1140D7009B09F0 /* Calculator */ = {
			isa = PBXNativeTarget;
			buildConfigurationList = C58949A61D1140D8009B09F0 /* Build configuration list for PBXNativeTarget "Calculator" */;
			buildPhases = (
				C589498B1D1140D7009B09F0 /* Sources */,
				C589498C1D1140D7009B09F0 /* Frameworks */,
				C589498D1D1140D7009B09F0 /* Resources */,
			);
			buildRules = (
			);
			dependencies = (
			);
			name = Calculator;
			productName = Calculator;
			productReference = C589498F1D1140D7009B09F0 /* Calculator.app */;
			productType = "com.apple.product-type.application";
		};
/* End PBXNativeTarget section */

/* Begin PBXProject section */
		C58949871D1140D7009B09F0 /* Project object */ = {
			isa = PBXProject;
			attributes = {
				LastUpgradeCheck = 0730;
				ORGANIZATIONNAME = "MF839-005";
				TargetAttributes = {
					C589498E1D1140D7009B09F0 = {
						CreatedOnToolsVersion = 7.3;
						DevelopmentTeam = Q4J4FTC54J;
					};
				};
			};
			buildConfigurationList = C589498A1D1140D7009B09F0 /* Build configuration list for PBXProject "Calculator" */;
			compatibilityVersion = "Xcode 3.2";
			developmentRegion = English;
			hasScannedForEncodings = 0;
			knownRegions = (
				en,
				Base,
			);
			mainGroup = C58949861D1140D7009B09F0;
			productRefGroup = C58949901D1140D7009B09F0 /* Products */;
			projectDirPath = "";
			projectRoot = "";
			targets = (
				C589498E1D1140D7009B09F0 /* Calculator */,
			);
		};
/* End PBXProject section */

/* Begin PBXResourcesBuildPhase section */
		C589498D1D1140D7009B09F0 /* Resources */ = {
			isa = PBXResourcesBuildPhase;
			buildActionMask = 2147483647;
			files = (
				C58949A21D1140D8009B09F0 /* LaunchScreen.storyboard in Resources */,
				C589499F1D1140D8009B09F0 /* Assets.xcassets in Resources */,
				C589499D1D1140D8009B09F0 /* Main.storyboard in Resources */,
			);
			runOnlyForDeploymentPostprocessing = 0;
		};
/* End PBXResourcesBuildPhase section */

/* Begin PBXSourcesBuildPhase section */
		C589498B1D1140D7009B09F0 /* Sources */ = {
			isa = PBXSourcesBuildPhase;
			buildActionMask = 2147483647;
			files = (
				C589499A1D1140D8009B09F0 /* ViewController.m in Sources */,
				C58949AB1D123A1F009B09F0 /* Calculator.m in Sources */,
				C58949B11D12861E009B09F0 /* InfoViewController.m in Sources */,
				C58949971D1140D7009B09F0 /* AppDelegate.m in Sources */,
				C58949941D1140D7009B09F0 /* main.m in Sources */,
				C58949AE1D123A37009B09F0 /* Fraction.m in Sources */,
			);
			runOnlyForDeploymentPostprocessing = 0;
		};
/* End PBXSourcesBuildPhase section */

/* Begin PBXVariantGroup section */
		C589499B1D1140D8009B09F0 /* Main.storyboard */ = {
			isa = PBXVariantGroup;
			children = (
				C589499C1D1140D8009B09F0 /* Base */,
			);
			name = Main.storyboard;
			sourceTree = "<group>";
		};
		C58949A01D1140D8009B09F0 /* LaunchScreen.storyboard */ = {
			isa = PBXVariantGroup;
			children = (
				C58949A11D1140D8009B09F0 /* Base */,
			);
			name = LaunchScreen.storyboard;
			sourceTree = "<group>";
		};
/* End PBXVariantGroup section */

/* Begin XCBuildConfiguration section */
		C58949A41D1140D8009B09F0 /* Debug */ = {
			isa = XCBuildConfiguration;
			buildSettings = {
				ALWAYS_SEARCH_USER_PATHS = NO;
				CLANG_ANALYZER_NONNULL = YES;
				CLANG_CXX_LANGUAGE_STANDARD = "gnu++0x";
				CLANG_CXX_LIBRARY = "libc++";
				CLANG_ENABLE_MODULES = YES;
				CLANG_ENABLE_OBJC_ARC = YES;
				CLANG_WARN_BOOL_CONVERSION = YES;
				CLANG_WARN_CONSTANT_CONVERSION = YES;
				CLANG_WARN_DIRECT_OBJC_ISA_USAGE = YES_ERROR;
				CLANG_WARN_EMPTY_BODY = YES;
				CLANG_WARN_ENUM_CONVERSION = YES;
				CLANG_WARN_INT_CONVERSION = YES;
				CLANG_WARN_OBJC_ROOT_CLASS = YES_ERROR;
				CLANG_WARN_UNREACHABLE_CODE = YES;
				CLANG_WARN__DUPLICATE_METHOD_MATCH = YES;
				"CODE_SIGN_IDENTITY[sdk=iphoneos*]" = "iPhone Developer";
				COPY_PHASE_STRIP = NO;
				DEBUG_INFORMATION_FORMAT = dwarf;
				ENABLE_STRICT_OBJC_MSGSEND = YES;
				ENABLE_TESTABILITY = YES;
				GCC_C_LANGUAGE_STANDARD = gnu99;
				GCC_DYNAMIC_NO_PIC = NO;
				GCC_NO_COMMON_BLOCKS = YES;
				GCC_OPTIMIZATION_LEVEL = 0;
				GCC_PREPROCESSOR_DEFINITIONS = (
					"DEBUG=1",
					"$(inherited)",
				);
				GCC_WARN_64_TO_32_BIT_CONVERSION = YES;
				GCC_WARN_ABOUT_RETURN_TYPE = YES_ERROR;
				GCC_WARN_UNDECLARED_SELECTOR = YES;
				GCC_WARN_UNINITIALIZED_AUTOS = YES_AGGRESSIVE;
				GCC_WARN_UNUSED_FUNCTION = YES;
				GCC_WARN_UNUSED_VARIABLE = YES;
				IPHONEOS_DEPLOYMENT_TARGET = 9.3;
				MTL_ENABLE_DEBUG_INFO = YES;
				ONLY_ACTIVE_ARCH = YES;
				SDKROOT = iphoneos;
				TARGETED_DEVICE_FAMILY = "1,2";
			};
			name = Debug;
		};
		C58949A51D1140D8009B09F0 /* Release */ = {
			isa = XCBuildConfiguration;
			buildSettings = {
				ALWAYS_SEARCH_USER_PATHS = NO;
				CLANG_ANALYZER_NONNULL = YES;
				CLANG_CXX_LANGUAGE_STANDARD = "gnu++0x";
				CLANG_CXX_LIBRARY = "libc++";
				CLANG_ENABLE_MODULES = YES;
				CLANG_ENABLE_OBJC_ARC = YES;
				CLANG_WARN_BOOL_CONVERSION = YES;
				CLANG_WARN_CONSTANT_CONVERSION = YES;
				CLANG_WARN_DIRECT_OBJC_ISA_USAGE = YES_ERROR;
				CLANG_WARN_EMPTY_BODY = YES;
				CLANG_WARN_ENUM_CONVERSION = YES;
				CLANG_WARN_INT_CONVERSION = YES;
				CLANG_WARN_OBJC_ROOT_CLASS = YES_ERROR;
				CLANG_WARN_UNREACHABLE_CODE = YES;
				CLANG_WARN__DUPLICATE_METHOD_MATCH = YES;
				"CODE_SIGN_IDENTITY[sdk=iphoneos*]" = "iPhone Developer";
				COPY_PHASE_STRIP = NO;
				DEBUG_INFORMATION_FORMAT = "dwarf-with-dsym";
				ENABLE_NS_ASSERTIONS = NO;
				ENABLE_STRICT_OBJC_MSGSEND = YES;
				GCC_C_LANGUAGE_STANDARD = gnu99;
				GCC_NO_COMMON_BLOCKS = YES;
				GCC_WARN_64_TO_32_BIT_CONVERSION = YES;
				GCC_WARN_ABOUT_RETURN_TYPE = YES_ERROR;
				GCC_WARN_UNDECLARED_SELECTOR = YES;
				GCC_WARN_UNINITIALIZED_AUTOS = YES_AGGRESSIVE;
				GCC_WARN_UNUSED_FUNCTION = YES;
				GCC_WARN_UNUSED_VARIABLE = YES;
				IPHONEOS_DEPLOYMENT_TARGET = 9.3;
				MTL_ENABLE_DEBUG_INFO = NO;
				SDKROOT = iphoneos;
				TARGETED_DEVICE_FAMILY = "1,2";
				VALIDATE_PRODUCT = YES;
			};
			name = Release;
		};
		C58949A71D1140D8009B09F0 /* Debug */ = {
			isa = XCBuildConfiguration;
			buildSettings = {
				ASSETCATALOG_COMPILER_APPICON_NAME = AppIcon;
				CODE_SIGN_IDENTITY = "iPhone Developer";
				"CODE_SIGN_IDENTITY[sdk=iphoneos*]" = "iPhone Developer";
				INFOPLIST_FILE = Calculator/Info.plist;
				LD_RUNPATH_SEARCH_PATHS = "$(inherited) @executable_path/Frameworks";
				PRODUCT_BUNDLE_IDENTIFIER = com.sds.Calculator;
				PRODUCT_NAME = "$(TARGET_NAME)";
				PROVISIONING_PROFILE = "";
			};
			name = Debug;
		};
		C58949A81D1140D8009B09F0 /* Release */ = {
			isa = XCBuildConfiguration;
			buildSettings = {
				ASSETCATALOG_COMPILER_APPICON_NAME = AppIcon;
				CODE_SIGN_IDENTITY = "iPhone Developer";
				"CODE_SIGN_IDENTITY[sdk=iphoneos*]" = "iPhone Developer";
				INFOPLIST_FILE = Calculator/Info.plist;
				LD_RUNPATH_SEARCH_PATHS = "$(inherited) @executable_path/Frameworks";
				PRODUCT_BUNDLE_IDENTIFIER = com.sds.Calculator;
				PRODUCT_NAME = "$(TARGET_NAME)";
				PROVISIONING_PROFILE = "";
			};
			name = Release;
		};
/* End XCBuildConfiguration section */

/* Begin XCConfigurationList section */
		C589498A1D1140D7009B09F0 /* Build configuration list for PBXProject "Calculator" */ = {
			isa = XCConfigurationList;
			buildConfigurations = (
				C58949A41D1140D8009B09F0 /* Debug */,
				C58949A51D1140D8009B09F0 /* Release */,
			);
			defaultConfigurationIsVisible = 0;
			defaultConfigurationName = Release;
		};
		C58949A61D1140D8009B09F0 /* Build configuration list for PBXNativeTarget "Calculator" */ = {
			isa = XCConfigurationList;
			buildConfigurations = (
				C58949A71D1140D8009B09F0 /* Debug */,
				C58949A81D1140D8009B09F0 /* Release */,
			);
			defaultConfigurationIsVisible = 0;
		};
/* End XCConfigurationList section */
	};
	rootObject = C58949871D1140D7009B09F0 /* Project object */;
}
